
Microsoft Visual Studio Solution File, Format Version 12.00
# Visual Studio Version 17
VisualStudioVersion = 17.11.35219.272
MinimumVisualStudioVersion = 10.0.40219.1
Project("{FAE04EC0-301F-11D3-BF4B-00C04F79EFBC}") = "Walletify", "Walletify\Walletify.csproj", "{BEC073A6-2B86-497C-9F77-8EE5A987BDB0}"
EndProject
Global
	GlobalSection(SolutionConfigurationPlatforms) = preSolution
		Debug|Any CPU = Debug|Any CPU
		Release|Any CPU = Release|Any CPU
	EndGlobalSection
	GlobalSection(ProjectConfigurationPlatforms) = postSolution
		{BEC073A6-2B86-497C-9F77-8EE5A987BDB0}.Debug|Any CPU.ActiveCfg = Debug|Any CPU
		{BEC073A6-2B86-497C-9F77-8EE5A987BDB0}.Debug|Any CPU.Build.0 = Debug|Any CPU
		{BEC073A6-2B86-497C-9F77-8EE5A987BDB0}.Release|Any CPU.ActiveCfg = Release|Any CPU
		{BEC073A6-2B86-497C-9F77-8EE5A987BDB0}.Release|Any CPU.Build.0 = Release|Any CPU
	EndGlobalSection
	GlobalSection(SolutionProperties) = preSolution
		HideSolutionNode = FALSE
	EndGlobalSection
	GlobalSection(ExtensibilityGlobals) = postSolution
		SolutionGuid = {DE7BA834-AD9B-4F20-A94A-029BC230224F}
	EndGlobalSection
EndGlobal
